
Microsoft Visual Studio Solution File, Format Version 12.00
# Visual Studio Version 18
VisualStudioVersion = 18.8.11925.187 insiders
MinimumVisualStudioVersion = 10.0.40219.1
Project("{FAE04EC0-301F-11D3-BF4B-00C04F79EFBC}") = "ApiCoreID", "ApiCoreID.csproj", "{133D4A93-9E00-4E3A-B827-141757A6C70C}"
EndProject
Global
	GlobalSection(SolutionConfigurationPlatforms) = preSolution
		Debug|Any CPU = Debug|Any CPU
		Release|Any CPU = Release|Any CPU
	EndGlobalSection
	GlobalSection(ProjectConfigurationPlatforms) = postSolution
		{133D4A93-9E00-4E3A-B827-141757A6C70C}.Debug|Any CPU.ActiveCfg = Debug|Any CPU
		{133D4A93-9E00-4E3A-B827-141757A6C70C}.Debug|Any CPU.Build.0 = Debug|Any CPU
		{133D4A93-9E00-4E3A-B827-141757A6C70C}.Release|Any CPU.ActiveCfg = Release|Any CPU
		{133D4A93-9E00-4E3A-B827-141757A6C70C}.Release|Any CPU.Build.0 = Release|Any CPU
	EndGlobalSection
	GlobalSection(SolutionProperties) = preSolution
		HideSolutionNode = FALSE
	EndGlobalSection
	GlobalSection(ExtensibilityGlobals) = postSolution
		SolutionGuid = {8F8549B6-FF58-4B8D-AC54-3F0373357C99}
	EndGlobalSection
EndGlobal
